{
  "name": "examples",
  "version": "1.0.0",
  "lockfileVersion": 1,
  "requires": true,
  "dependencies": {
    "celeb-diwali": {
      "version": "1.0.0",
      "resolved": "https://registry.npmjs.org/celeb-diwali/-/celeb-diwali-1.0.0.tgz",
      "integrity": "sha512-bZy2vuYe+B9vN93iDOp7dLZiP2Xu4mhZOhrloz9Z8z9viENC8kC9kxQvRikyK7zBY41REHSzBfzxToseesCKCg=="
    }
  }
}
